
Microsoft Visual Studio Solution File, Format Version 12.00
# Visual Studio Version 16
VisualStudioVersion = 16.0.29613.14
MinimumVisualStudioVersion = 10.0.40219.1
Project("{FAE04EC0-301F-11D3-BF4B-00C04F79EFBC}") = "net-core-bootcamp-b1", "net-core-bootcamp-b1.csproj", "{24861F79-CEC4-4F85-A259-5080F6335A57}"
EndProject
Global
	GlobalSection(SolutionConfigurationPlatforms) = preSolution
		Debug|Any CPU = Debug|Any CPU
		Release|Any CPU = Release|Any CPU
	EndGlobalSection
	GlobalSection(ProjectConfigurationPlatforms) = postSolution
		{24861F79-CEC4-4F85-A259-5080F6335A57}.Debug|Any CPU.ActiveCfg = Debug|Any CPU
		{24861F79-CEC4-4F85-A259-5080F6335A57}.Debug|Any CPU.Build.0 = Debug|Any CPU
		{24861F79-CEC4-4F85-A259-5080F6335A57}.Release|Any CPU.ActiveCfg = Release|Any CPU
		{24861F79-CEC4-4F85-A259-5080F6335A57}.Release|Any CPU.Build.0 = Release|Any CPU
	EndGlobalSection
	GlobalSection(SolutionProperties) = preSolution
		HideSolutionNode = FALSE
	EndGlobalSection
	GlobalSection(ExtensibilityGlobals) = postSolution
		SolutionGuid = {E0D528E6-85DB-4FA5-9C84-2459B8E24279}
	EndGlobalSection
EndGlobal
